
Microsoft Visual Studio Solution File, Format Version 12.00
# Visual Studio Version 17
VisualStudioVersion = 17.5.002.0
MinimumVisualStudioVersion = 10.0.40219.1
Project("{9A19103F-16F7-4668-BE54-9A1E7A4F7556}") = "API", "API.csproj", "{0545BDA5-0B90-40C7-9963-95C078480093}"
EndProject
Global
	GlobalSection(SolutionConfigurationPlatforms) = preSolution
		Debug|Any CPU = Debug|Any CPU
		Release|Any CPU = Release|Any CPU
	EndGlobalSection
	GlobalSection(ProjectConfigurationPlatforms) = postSolution
		{0545BDA5-0B90-40C7-9963-95C078480093}.Debug|Any CPU.ActiveCfg = Debug|Any CPU
		{0545BDA5-0B90-40C7-9963-95C078480093}.Debug|Any CPU.Build.0 = Debug|Any CPU
		{0545BDA5-0B90-40C7-9963-95C078480093}.Release|Any CPU.ActiveCfg = Release|Any CPU
		{0545BDA5-0B90-40C7-9963-95C078480093}.Release|Any CPU.Build.0 = Release|Any CPU
	EndGlobalSection
	GlobalSection(SolutionProperties) = preSolution
		HideSolutionNode = FALSE
	EndGlobalSection
	GlobalSection(ExtensibilityGlobals) = postSolution
		SolutionGuid = {B7BD34F5-1F55-46E4-89DB-95E69236C8E1}
	EndGlobalSection
EndGlobal
